# THIS IS AN AUTOGENERATED FILE. DO NOT EDIT THIS FILE DIRECTLY.
# yarn lockfile v1


"@antfu/utils@^0.7.0", "@antfu/utils@^0.7.2":
  version "0.7.5"
  resolved "http://192.168.55.132:4873/@antfu%2futils/-/utils-0.7.5.tgz#c36f37add92a7de57b9c29ae0c1f399706bff345"
  integrity sha512-dlR6LdS+0SzOAPx/TPRhnoi7hE251OVeT2Snw0RguNbBSbjUHdWr0l3vcUUDg26rEysT89kCbtw1lVorBXLLCg==

"@babel/parser@^7.20.15", "@babel/parser@^7.21.3":
  version "7.22.7"
  resolved "http://192.168.55.132:4873/@babel%2fparser/-/parser-7.22.7.tgz#df8cf085ce92ddbdbf668a7f186ce848c9036cae"
  integrity sha512-7NF8pOkHP5o2vpmGgNGcfAeCvOYhGLyA3Z4eBQkT1RJlWu47n63bCs93QfJ2hIAFCil7L5P2IWhs1oToVgrL0Q==

"@ctrl/tinycolor@^3.4.1":
  version "3.6.0"
  resolved "http://192.168.55.132:4873/@ctrl%2ftinycolor/-/tinycolor-3.6.0.tgz#53fa5fe9c34faee89469e48f91d51a3766108bc8"
  integrity sha512-/Z3l6pXthq0JvMYdUFyX9j0MaCltlIn6mfh9jLyQwg5aPKxkyNa0PTHtU1AlFXLNk55ZuAeJRcpvq+tmLfKmaQ==

"@element-plus/icons-vue@^2.0.6":
  version "2.1.0"
  resolved "http://192.168.55.132:4873/@element-plus%2ficons-vue/-/icons-vue-2.1.0.tgz#7ad90d08a8c0d5fd3af31c4f73264ca89614397a"
  integrity sha512-PSBn3elNoanENc1vnCfh+3WA9fimRC7n+fWkf3rE5jvv+aBohNHABC/KAR5KWPecxWxDTVT1ERpRbOMRcOV/vA==

"@esbuild/android-arm@0.15.18":
  version "0.15.18"
  resolved "http://192.168.55.132:4873/@esbuild%2fandroid-arm/-/android-arm-0.15.18.tgz#266d40b8fdcf87962df8af05b76219bc786b4f80"
  integrity sha512-5GT+kcs2WVGjVs7+boataCkO5Fg0y4kCjzkB5bAip7H4jfnOS3dA6KPiww9W1OEKTKeAcUVhdZGvgI65OXmUnw==

"@esbuild/linux-loong64@0.15.18":
  version "0.15.18"
  resolved "http://192.168.55.132:4873/@esbuild%2flinux-loong64/-/linux-loong64-0.15.18.tgz#128b76ecb9be48b60cf5cfc1c63a4f00691a3239"
  integrity sha512-L4jVKS82XVhw2nvzLg/19ClLWg0y27ulRwuP7lcyL6AbUWB5aPglXY3M21mauDQMDfRLs8cQmeT03r/+X3cZYQ==

"@floating-ui/core@^1.3.1":
  version "1.3.1"
  resolved "http://192.168.55.132:4873/@floating-ui%2fcore/-/core-1.3.1.tgz#4d795b649cc3b1cbb760d191c80dcb4353c9a366"
  integrity sha512-Bu+AMaXNjrpjh41znzHqaz3r2Nr8hHuHZT6V2LBKMhyMl0FgKA62PNYbqnfgmzOhoWZj70Zecisbo4H1rotP5g==

"@floating-ui/dom@^1.0.1":
  version "1.4.5"
  resolved "http://192.168.55.132:4873/@floating-ui%2fdom/-/dom-1.4.5.tgz#336dfb9870c98b471ff5802002982e489b8bd1c5"
  integrity sha512-96KnRWkRnuBSSFbj0sFGwwOUd8EkiecINVl0O9wiZlZ64EkpyAOG3Xc2vKKNJmru0Z7RqWNymA+6b8OZqjgyyw==
  dependencies:
    "@floating-ui/core" "^1.3.1"

"@jridgewell/sourcemap-codec@^1.4.13", "@jridgewell/sourcemap-codec@^1.4.15":
  version "1.4.15"
  resolved "http://192.168.55.132:4873/@jridgewell%2fsourcemap-codec/-/sourcemap-codec-1.4.15.tgz#d7c6e6755c78567a951e04ab52ef0fd26de59f32"
  integrity sha512-eF2rxCRulEKXHTRiDrDy6erMYWqNw4LPdQ8UQA4huuxaQsVeRPFl2oM8oDGxMFhJUWZf9McpLtJasDDZb/Bpeg==

"@nodelib/fs.scandir@2.1.5":
  version "2.1.5"
  resolved "http://192.168.55.132:4873/@nodelib%2ffs.scandir/-/fs.scandir-2.1.5.tgz#7619c2eb21b25483f6d167548b4cfd5a7488c3d5"
  integrity sha1-dhnC6yGyVIP20WdUi0z9WnSIw9U=
  dependencies:
    "@nodelib/fs.stat" "2.0.5"
    run-parallel "^1.1.9"

"@nodelib/fs.stat@2.0.5", "@nodelib/fs.stat@^2.0.2":
  version "2.0.5"
  resolved "http://192.168.55.132:4873/@nodelib%2ffs.stat/-/fs.stat-2.0.5.tgz#5bd262af94e9d25bd1e71b05deed44876a222e8b"
  integrity sha1-W9Jir5Tp0lvR5xsF3u1Eh2oiLos=

"@nodelib/fs.walk@^1.2.3":
  version "1.2.8"
  resolved "http://192.168.55.132:4873/@nodelib%2ffs.walk/-/fs.walk-1.2.8.tgz#e95737e8bb6746ddedf69c556953494f196fe69a"
  integrity sha1-6Vc36LtnRt3t9pxVaVNJTxlv5po=
  dependencies:
    "@nodelib/fs.scandir" "2.1.5"
    fastq "^1.6.0"

"@popperjs/core@npm:@sxzz/popperjs-es@^2.11.7":
  version "2.11.7"
  resolved "http://192.168.55.132:4873/@sxzz%2fpopperjs-es/-/popperjs-es-2.11.7.tgz#a7f69e3665d3da9b115f9e71671dae1b97e13671"
  integrity sha512-Ccy0NlLkzr0Ex2FKvh2X+OyERHXJ88XJ1MXtsI9y9fGexlaXaVTPzBCRBwIxFkORuOb+uBqeu+RqnpgYTEZRUQ==

"@rollup/pluginutils@^5.0.2":
  version "5.0.2"
  resolved "http://192.168.55.132:4873/@rollup%2fpluginutils/-/pluginutils-5.0.2.tgz#012b8f53c71e4f6f9cb317e311df1404f56e7a33"
  integrity sha512-pTd9rIsP92h+B6wWwFbW8RkZv4hiR/xKsqre4SIuAOaOEQRxi0lqLke9k2/7WegC85GgUs9pjmOjCUi3In4vwA==
  dependencies:
    "@types/estree" "^1.0.0"
    estree-walker "^2.0.2"
    picomatch "^2.3.1"

"@types/estree@^1.0.0":
  version "1.0.1"
  resolved "http://192.168.55.132:4873/@types%2festree/-/estree-1.0.1.tgz#aa22750962f3bf0e79d753d3cc067f010c95f194"
  integrity sha512-LG4opVs2ANWZ1TJoKc937iMmNstM/d0ae1vNbnBvBhqCSezgVUOzcLCqbI5elV8Vy6WKwKjaqR+zO9VKirBBCA==

"@types/lodash-es@^4.17.6":
  version "4.17.8"
  resolved "http://192.168.55.132:4873/@types%2flodash-es/-/lodash-es-4.17.8.tgz#cfffd0969507830c22da18dbb20d2ca126fdaa8b"
  integrity sha512-euY3XQcZmIzSy7YH5+Unb3b2X12Wtk54YWINBvvGQ5SmMvwb11JQskGsfkH/5HXK77Kr8GF0wkVDIxzAisWtog==
  dependencies:
    "@types/lodash" "*"

"@types/lodash@*", "@types/lodash@^4.14.182", "@types/lodash@^4.14.185":
  version "4.14.195"
  resolved "http://192.168.55.132:4873/@types%2flodash/-/lodash-4.14.195.tgz#bafc975b252eb6cea78882ce8a7b6bf22a6de632"
  integrity sha512-Hwx9EUgdwf2GLarOjQp5ZH8ZmblzcbTBC2wtQWNKARBSxM9ezRIAUpeDTgoQRAFB0+8CNWXVA9+MaSOzOF3nPg==

"@types/node@^18.7.17":
  version "18.16.19"
  resolved "http://192.168.55.132:4873/@types%2fnode/-/node-18.16.19.tgz#cb03fca8910fdeb7595b755126a8a78144714eea"
  integrity sha512-IXl7o+R9iti9eBW4Wg2hx1xQDig183jj7YLn8F7udNceyfkbn1ZxmzZXuak20gR40D7pIkIY1kYGx5VIGbaHKA==

"@types/web-bluetooth@^0.0.16":
  version "0.0.16"
  resolved "http://192.168.55.132:4873/@types%2fweb-bluetooth/-/web-bluetooth-0.0.16.tgz#1d12873a8e49567371f2a75fe3e7f7edca6662d8"
  integrity sha512-oh8q2Zc32S6gd/j50GowEjKLoOVOwHP/bWVjKJInBwQqdOYMdPrf1oVlelTlyfFK3CKxL1uahMDAr+vy8T7yMQ==

"@vitejs/plugin-vue@^3.1.0":
  version "3.2.0"
  resolved "http://192.168.55.132:4873/@vitejs%2fplugin-vue/-/plugin-vue-3.2.0.tgz#a1484089dd85d6528f435743f84cdd0d215bbb54"
  integrity sha512-E0tnaL4fr+qkdCNxJ+Xd0yM31UwMkQje76fsDVBBUCoGOUPexu2VDUYHL8P4CwV+zMvWw6nlRw19OnRKmYAJpw==

"@volar/code-gen@0.40.13":
  version "0.40.13"
  resolved "http://192.168.55.132:4873/@volar%2fcode-gen/-/code-gen-0.40.13.tgz#cd69a67b11462b93d79ea2139f9f1e0a76e15111"
  integrity sha512-4gShBWuMce868OVvgyA1cU5WxHbjfEme18Tw6uVMfweZCF5fB2KECG0iPrA9D54vHk3FeHarODNwgIaaFfUBlA==
  dependencies:
    "@volar/source-map" "0.40.13"

"@volar/source-map@0.40.13":
  version "0.40.13"
  resolved "http://192.168.55.132:4873/@volar%2fsource-map/-/source-map-0.40.13.tgz#9acbc47614bbd8fa710d233d10fff1b18cb78a80"
  integrity sha512-dbdkAB2Nxb0wLjAY5O64o3ywVWlAGONnBIoKAkXSf6qkGZM+nJxcizsoiI66K+RHQG0XqlyvjDizfnTxr+6PWg==
  dependencies:
    "@vue/reactivity" "3.2.38"

"@volar/typescript-faster@0.40.13":
  version "0.40.13"
  resolved "http://192.168.55.132:4873/@volar%2ftypescript-faster/-/typescript-faster-0.40.13.tgz#5d9600333cc250ad53e8604ff6a2a32e4acfbc86"
  integrity sha512-uy+TlcFkKoNlKEnxA4x5acxdxLyVDIXGSc8cYDNXpPKjBKXrQaetzCzlO3kVBqu1VLMxKNGJMTKn35mo+ILQmw==
  dependencies:
    semver "^7.3.7"

"@volar/vue-language-core@0.40.13":
  version "0.40.13"
  resolved "http://192.168.55.132:4873/@volar%2fvue-language-core/-/vue-language-core-0.40.13.tgz#13a79c29ef63d66a40afd1b29166404703b240c4"
  integrity sha512-QkCb8msi2KUitTdM6Y4kAb7/ZlEvuLcbBFOC2PLBlFuoZwyxvSP7c/dBGmKGtJlEvMX0LdCyrg5V2aBYxD38/Q==
  dependencies:
    "@volar/code-gen" "0.40.13"
    "@volar/source-map" "0.40.13"
    "@vue/compiler-core" "^3.2.38"
    "@vue/compiler-dom" "^3.2.38"
    "@vue/compiler-sfc" "^3.2.38"
    "@vue/reactivity" "^3.2.38"
    "@vue/shared" "^3.2.38"

"@volar/vue-typescript@0.40.13":
  version "0.40.13"
  resolved "http://192.168.55.132:4873/@volar%2fvue-typescript/-/vue-typescript-0.40.13.tgz#50fe8e0965f4e14596eca57550b5ca13388c244c"
  integrity sha512-o7bNztwjs8JmbQjVkrnbZUOfm7q4B8ZYssETISN1tRaBdun6cfNqgpkvDYd+VUBh1O4CdksvN+5BUNnwAz4oCQ==
  dependencies:
    "@volar/code-gen" "0.40.13"
    "@volar/typescript-faster" "0.40.13"
    "@volar/vue-language-core" "0.40.13"

"@vue/compiler-core@3.3.4", "@vue/compiler-core@^3.2.38":
  version "3.3.4"
  resolved "http://192.168.55.132:4873/@vue%2fcompiler-core/-/compiler-core-3.3.4.tgz#7fbf591c1c19e1acd28ffd284526e98b4f581128"
  integrity sha512-cquyDNvZ6jTbf/+x+AgM2Arrp6G4Dzbb0R64jiG804HRMfRiFXWI6kqUVqZ6ZR0bQhIoQjB4+2bhNtVwndW15g==
  dependencies:
    "@babel/parser" "^7.21.3"
    "@vue/shared" "3.3.4"
    estree-walker "^2.0.2"
    source-map-js "^1.0.2"

"@vue/compiler-dom@3.3.4", "@vue/compiler-dom@^3.2.38":
  version "3.3.4"
  resolved "http://192.168.55.132:4873/@vue%2fcompiler-dom/-/compiler-dom-3.3.4.tgz#f56e09b5f4d7dc350f981784de9713d823341151"
  integrity sha512-wyM+OjOVpuUukIq6p5+nwHYtj9cFroz9cwkfmP9O1nzH68BenTTv0u7/ndggT8cIQlnBeOo6sUT/gvHcIkLA5w==
  dependencies:
    "@vue/compiler-core" "3.3.4"
    "@vue/shared" "3.3.4"

"@vue/compiler-sfc@3.3.4", "@vue/compiler-sfc@^3.2.38":
  version "3.3.4"
  resolved "http://192.168.55.132:4873/@vue%2fcompiler-sfc/-/compiler-sfc-3.3.4.tgz#b19d942c71938893535b46226d602720593001df"
  integrity sha512-6y/d8uw+5TkCuzBkgLS0v3lSM3hJDntFEiUORM11pQ/hKvkhSKZrXW6i69UyXlJQisJxuUEJKAWEqWbWsLeNKQ==
  dependencies:
    "@babel/parser" "^7.20.15"
    "@vue/compiler-core" "3.3.4"
    "@vue/compiler-dom" "3.3.4"
    "@vue/compiler-ssr" "3.3.4"
    "@vue/reactivity-transform" "3.3.4"
    "@vue/shared" "3.3.4"
    estree-walker "^2.0.2"
    magic-string "^0.30.0"
    postcss "^8.1.10"
    source-map-js "^1.0.2"

"@vue/compiler-ssr@3.3.4":
  version "3.3.4"
  resolved "http://192.168.55.132:4873/@vue%2fcompiler-ssr/-/compiler-ssr-3.3.4.tgz#9d1379abffa4f2b0cd844174ceec4a9721138777"
  integrity sha512-m0v6oKpup2nMSehwA6Uuu+j+wEwcy7QmwMkVNVfrV9P2qE5KshC6RwOCq8fjGS/Eak/uNb8AaWekfiXxbBB6gQ==
  dependencies:
    "@vue/compiler-dom" "3.3.4"
    "@vue/shared" "3.3.4"

"@vue/devtools-api@^6.5.0":
  version "6.5.0"
  resolved "http://192.168.55.132:4873/@vue%2fdevtools-api/-/devtools-api-6.5.0.tgz#98b99425edee70b4c992692628fa1ea2c1e57d07"
  integrity sha512-o9KfBeaBmCKl10usN4crU53fYtC1r7jJwdGKjPT24t348rHxgfpZ0xL3Xm/gLUYnc0oTp8LAmrxOeLyu6tbk2Q==

"@vue/reactivity-transform@3.3.4":
  version "3.3.4"
  resolved "http://192.168.55.132:4873/@vue%2freactivity-transform/-/reactivity-transform-3.3.4.tgz#52908476e34d6a65c6c21cd2722d41ed8ae51929"
  integrity sha512-MXgwjako4nu5WFLAjpBnCj/ieqcjE2aJBINUNQzkZQfzIZA4xn+0fV1tIYBJvvva3N3OvKGofRLvQIwEQPpaXw==
  dependencies:
    "@babel/parser" "^7.20.15"
    "@vue/compiler-core" "3.3.4"
    "@vue/shared" "3.3.4"
    estree-walker "^2.0.2"
    magic-string "^0.30.0"

"@vue/reactivity@3.2.38":
  version "3.2.38"
  resolved "http://192.168.55.132:4873/@vue%2freactivity/-/reactivity-3.2.38.tgz#d576fdcea98eefb96a1f1ad456e289263e87292e"
  integrity sha512-6L4myYcH9HG2M25co7/BSo0skKFHpAN8PhkNPM4xRVkyGl1K5M3Jx4rp5bsYhvYze2K4+l+pioN4e6ZwFLUVtw==
  dependencies:
    "@vue/shared" "3.2.38"

"@vue/reactivity@3.3.4", "@vue/reactivity@^3.2.38":
  version "3.3.4"
  resolved "http://192.168.55.132:4873/@vue%2freactivity/-/reactivity-3.3.4.tgz#a27a29c6cd17faba5a0e99fbb86ee951653e2253"
  integrity sha512-kLTDLwd0B1jG08NBF3R5rqULtv/f8x3rOFByTDz4J53ttIQEDmALqKqXY0J+XQeN0aV2FBxY8nJDf88yvOPAqQ==
  dependencies:
    "@vue/shared" "3.3.4"

"@vue/runtime-core@3.3.4":
  version "3.3.4"
  resolved "http://192.168.55.132:4873/@vue%2fruntime-core/-/runtime-core-3.3.4.tgz#4bb33872bbb583721b340f3088888394195967d1"
  integrity sha512-R+bqxMN6pWO7zGI4OMlmvePOdP2c93GsHFM/siJI7O2nxFRzj55pLwkpCedEY+bTMgp5miZ8CxfIZo3S+gFqvA==
  dependencies:
    "@vue/reactivity" "3.3.4"
    "@vue/shared" "3.3.4"

"@vue/runtime-dom@3.3.4":
  version "3.3.4"
  resolved "http://192.168.55.132:4873/@vue%2fruntime-dom/-/runtime-dom-3.3.4.tgz#992f2579d0ed6ce961f47bbe9bfe4b6791251566"
  integrity sha512-Aj5bTJ3u5sFsUckRghsNjVTtxZQ1OyMWCr5dZRAPijF/0Vy4xEoRCwLyHXcj4D0UFbJ4lbx3gPTgg06K/GnPnQ==
  dependencies:
    "@vue/runtime-core" "3.3.4"
    "@vue/shared" "3.3.4"
    csstype "^3.1.1"

"@vue/server-renderer@3.3.4":
  version "3.3.4"
  resolved "http://192.168.55.132:4873/@vue%2fserver-renderer/-/server-renderer-3.3.4.tgz#ea46594b795d1536f29bc592dd0f6655f7ea4c4c"
  integrity sha512-Q6jDDzR23ViIb67v+vM1Dqntu+HUexQcsWKhhQa4ARVzxOY2HbC7QRW/ggkDBd5BU+uM1sV6XOAP0b216o34JQ==
  dependencies:
    "@vue/compiler-ssr" "3.3.4"
    "@vue/shared" "3.3.4"

"@vue/shared@3.2.38":
  version "3.2.38"
  resolved "http://192.168.55.132:4873/@vue%2fshared/-/shared-3.2.38.tgz#e823f0cb2e85b6bf43430c0d6811b1441c300f3c"
  integrity sha512-dTyhTIRmGXBjxJE+skC8tTWCGLCVc4wQgRRLt8+O9p5ewBAjoBwtCAkLPrtToSr1xltoe3st21Pv953aOZ7alg==

"@vue/shared@3.3.4", "@vue/shared@^3.2.38":
  version "3.3.4"
  resolved "http://192.168.55.132:4873/@vue%2fshared/-/shared-3.3.4.tgz#06e83c5027f464eef861c329be81454bc8b70780"
  integrity sha512-7OjdcV8vQ74eiz1TZLzZP4JwqM5fA94K6yntPS5Z25r9HDuGNzaGdgvwKYq6S+MxwF0TFRwe50fIR/MYnakdkQ==

"@vueuse/core@^9.1.0":
  version "9.13.0"
  resolved "http://192.168.55.132:4873/@vueuse%2fcore/-/core-9.13.0.tgz#2f69e66d1905c1e4eebc249a01759cf88ea00cf4"
  integrity sha512-pujnclbeHWxxPRqXWmdkKV5OX4Wk4YeK7wusHqRwU0Q7EFusHoqNA/aPhB6KCh9hEqJkLAJo7bb0Lh9b+OIVzw==
  dependencies:
    "@types/web-bluetooth" "^0.0.16"
    "@vueuse/metadata" "9.13.0"
    "@vueuse/shared" "9.13.0"
    vue-demi "*"

"@vueuse/metadata@9.13.0":
  version "9.13.0"
  resolved "http://192.168.55.132:4873/@vueuse%2fmetadata/-/metadata-9.13.0.tgz#bc25a6cdad1b1a93c36ce30191124da6520539ff"
  integrity sha512-gdU7TKNAUVlXXLbaF+ZCfte8BjRJQWPCa2J55+7/h+yDtzw3vOoGQDRXzI6pyKyo6bXFT5/QoPE4hAknExjRLQ==

"@vueuse/shared@9.13.0":
  version "9.13.0"
  resolved "http://192.168.55.132:4873/@vueuse%2fshared/-/shared-9.13.0.tgz#089ff4cc4e2e7a4015e57a8f32e4b39d096353b9"
  integrity sha512-UrnhU+Cnufu4S6JLCPZnkWh0WwZGUp72ktOF2DFptMlOs3TOdVv8xJN53zhHGARmVOsz5KqOls09+J1NR6sBKw==
  dependencies:
    vue-demi "*"

acorn@^8.8.2, acorn@^8.9.0:
  version "8.10.0"
  resolved "http://192.168.55.132:4873/acorn/-/acorn-8.10.0.tgz#8be5b3907a67221a81ab23c7889c4c5526b62ec5"
  integrity sha512-F0SAmZ8iUtS//m8DmCTA0jlh6TDKkHQyK6xc6V4KDTyZKA9dnvX9/3sRTVQrWm79glUAZbnmmNcdYwUIHWVybw==

anymatch@~3.1.2:
  version "3.1.3"
  resolved "http://192.168.55.132:4873/anymatch/-/anymatch-3.1.3.tgz#790c58b19ba1720a84205b57c618d5ad8524973e"
  integrity sha512-KMReFUr0B4t+D+OBkjR3KYqvocp2XaSzO55UcB6mgQMd3KbcE+mWTyvVV7D/zsdEbNnV6acZUutkiHQXvTr1Rw==
  dependencies:
    normalize-path "^3.0.0"
    picomatch "^2.0.4"

async-validator@^4.2.5:
  version "4.2.5"
  resolved "http://192.168.55.132:4873/async-validator/-/async-validator-4.2.5.tgz#c96ea3332a521699d0afaaceed510a54656c6339"
  integrity sha512-7HhHjtERjqlNbZtqNqy2rckN/SpOOlmDliet+lP7k+eKZEjPk3DgyeU9lIXLdeLz0uBbbVp+9Qdow9wJWgwwfg==

balanced-match@^1.0.0:
  version "1.0.2"
  resolved "http://192.168.55.132:4873/balanced-match/-/balanced-match-1.0.2.tgz#e83e3a7e3f300b34cb9d87f615fa0cbf357690ee"
  integrity sha1-6D46fj8wCzTLnYf2FfoMvzV2kO4=

binary-extensions@^2.0.0:
  version "2.2.0"
  resolved "http://192.168.55.132:4873/binary-extensions/-/binary-extensions-2.2.0.tgz#75f502eeaf9ffde42fc98829645be4ea76bd9e2d"
  integrity sha1-dfUC7q+f/eQvyYgpZFvk6na9ni0=

brace-expansion@^2.0.1:
  version "2.0.1"
  resolved "http://192.168.55.132:4873/brace-expansion/-/brace-expansion-2.0.1.tgz#1edc459e0f0c548486ecf9fc99f2221364b9a0ae"
  integrity sha1-HtxFng8MVISG7Pn8mfIiE2S5oK4=
  dependencies:
    balanced-match "^1.0.0"

braces@^3.0.2, braces@~3.0.2:
  version "3.0.2"
  resolved "http://192.168.55.132:4873/braces/-/braces-3.0.2.tgz#3454e1a462ee8d599e236df336cd9ea4f8afe107"
  integrity sha1-NFThpGLujVmeI23zNs2epPiv4Qc=
  dependencies:
    fill-range "^7.0.1"

"chokidar@>=3.0.0 <4.0.0", chokidar@^3.5.3:
  version "3.5.3"
  resolved "http://192.168.55.132:4873/chokidar/-/chokidar-3.5.3.tgz#1cf37c8707b932bd1af1ae22c0432e2acd1903bd"
  integrity sha512-Dr3sfKRP6oTcjf2JmUmFJfeVMvXBdegxB0iVQ5eb2V10uFJUCAS8OByZdVAyVb8xXNz3GjjTgj9kLWsZTqE6kw==
  dependencies:
    anymatch "~3.1.2"
    braces "~3.0.2"
    glob-parent "~5.1.2"
    is-binary-path "~2.1.0"
    is-glob "~4.0.1"
    normalize-path "~3.0.0"
    readdirp "~3.6.0"
  optionalDependencies:
    fsevents "~2.3.2"

csstype@^3.1.1:
  version "3.1.2"
  resolved "http://192.168.55.132:4873/csstype/-/csstype-3.1.2.tgz#1d4bf9d572f11c14031f0436e1c10bc1f571f50b"
  integrity sha512-I7K1Uu0MBPzaFKg4nI5Q7Vs2t+3gWWW648spaF+Rg7pI9ds18Ugn+lvg4SHczUdKlHI5LWBXyqfS8+DufyBsgQ==

dayjs@^1.11.3:
  version "1.11.9"
  resolved "http://192.168.55.132:4873/dayjs/-/dayjs-1.11.9.tgz#9ca491933fadd0a60a2c19f6c237c03517d71d1a"
  integrity sha512-QvzAURSbQ0pKdIye2txOzNaHmxtUBXerpY0FJsFXUMKbIZeFm5ht1LS/jFsrncjnmtv8HsG0W2g6c0zUjZWmpA==

debug@^4.3.4:
  version "4.3.4"
  resolved "http://192.168.55.132:4873/debug/-/debug-4.3.4.tgz#1319f6579357f2338d3337d2cdd4914bb5dcc865"
  integrity sha512-PRWFHuSU3eDtQJPvnNY7Jcket1j0t5OuOsFzPPzsekD52Zl8qUfFIPEiswXqIvHWGVHOgX+7G/vCNNhehwxfkQ==
  dependencies:
    ms "2.1.2"

element-plus@^2.2.16:
  version "2.3.8"
  resolved "http://192.168.55.132:4873/element-plus/-/element-plus-2.3.8.tgz#46032abe1a712abfb65932f146ee19281312a9cf"
  integrity sha512-yHQR0/tG2LvPkpGUt7Te/hPmP2XW/BytBNUbx+EFO54VnGCOE3upmQcVffNp1PLgwg9sthYDXontUWpnpmLPJw==
  dependencies:
    "@ctrl/tinycolor" "^3.4.1"
    "@element-plus/icons-vue" "^2.0.6"
    "@floating-ui/dom" "^1.0.1"
    "@popperjs/core" "npm:@sxzz/popperjs-es@^2.11.7"
    "@types/lodash" "^4.14.182"
    "@types/lodash-es" "^4.17.6"
    "@vueuse/core" "^9.1.0"
    async-validator "^4.2.5"
    dayjs "^1.11.3"
    escape-html "^1.0.3"
    lodash "^4.17.21"
    lodash-es "^4.17.21"
    lodash-unified "^1.0.2"
    memoize-one "^6.0.0"
    normalize-wheel-es "^1.2.0"

esbuild-android-64@0.15.18:
  version "0.15.18"
  resolved "http://192.168.55.132:4873/esbuild-android-64/-/esbuild-android-64-0.15.18.tgz#20a7ae1416c8eaade917fb2453c1259302c637a5"
  integrity sha512-wnpt3OXRhcjfIDSZu9bnzT4/TNTDsOUvip0foZOUBG7QbSt//w3QV4FInVJxNhKc/ErhUxc5z4QjHtMi7/TbgA==

esbuild-android-arm64@0.15.18:
  version "0.15.18"
  resolved "http://192.168.55.132:4873/esbuild-android-arm64/-/esbuild-android-arm64-0.15.18.tgz#9cc0ec60581d6ad267568f29cf4895ffdd9f2f04"
  integrity sha512-G4xu89B8FCzav9XU8EjsXacCKSG2FT7wW9J6hOc18soEHJdtWu03L3TQDGf0geNxfLTtxENKBzMSq9LlbjS8OQ==

esbuild-darwin-64@0.15.18:
  version "0.15.18"
  resolved "http://192.168.55.132:4873/esbuild-darwin-64/-/esbuild-darwin-64-0.15.18.tgz#428e1730ea819d500808f220fbc5207aea6d4410"
  integrity sha512-2WAvs95uPnVJPuYKP0Eqx+Dl/jaYseZEUUT1sjg97TJa4oBtbAKnPnl3b5M9l51/nbx7+QAEtuummJZW0sBEmg==

esbuild-darwin-arm64@0.15.18:
  version "0.15.18"
  resolved "http://192.168.55.132:4873/esbuild-darwin-arm64/-/esbuild-darwin-arm64-0.15.18.tgz#b6dfc7799115a2917f35970bfbc93ae50256b337"
  integrity sha512-tKPSxcTJ5OmNb1btVikATJ8NftlyNlc8BVNtyT/UAr62JFOhwHlnoPrhYWz09akBLHI9nElFVfWSTSRsrZiDUA==

esbuild-freebsd-64@0.15.18:
  version "0.15.18"
  resolved "http://192.168.55.132:4873/esbuild-freebsd-64/-/esbuild-freebsd-64-0.15.18.tgz#4e190d9c2d1e67164619ae30a438be87d5eedaf2"
  integrity sha512-TT3uBUxkteAjR1QbsmvSsjpKjOX6UkCstr8nMr+q7zi3NuZ1oIpa8U41Y8I8dJH2fJgdC3Dj3CXO5biLQpfdZA==

esbuild-freebsd-arm64@0.15.18:
  version "0.15.18"
  resolved "http://192.168.55.132:4873/esbuild-freebsd-arm64/-/esbuild-freebsd-arm64-0.15.18.tgz#18a4c0344ee23bd5a6d06d18c76e2fd6d3f91635"
  integrity sha512-R/oVr+X3Tkh+S0+tL41wRMbdWtpWB8hEAMsOXDumSSa6qJR89U0S/PpLXrGF7Wk/JykfpWNokERUpCeHDl47wA==

esbuild-linux-32@0.15.18:
  version "0.15.18"
  resolved "http://192.168.55.132:4873/esbuild-linux-32/-/esbuild-linux-32-0.15.18.tgz#9a329731ee079b12262b793fb84eea762e82e0ce"
  integrity sha512-lphF3HiCSYtaa9p1DtXndiQEeQDKPl9eN/XNoBf2amEghugNuqXNZA/ZovthNE2aa4EN43WroO0B85xVSjYkbg==

esbuild-linux-64@0.15.18:
  version "0.15.18"
  resolved "http://192.168.55.132:4873/esbuild-linux-64/-/esbuild-linux-64-0.15.18.tgz#532738075397b994467b514e524aeb520c191b6c"
  integrity sha512-hNSeP97IviD7oxLKFuii5sDPJ+QHeiFTFLoLm7NZQligur8poNOWGIgpQ7Qf8Balb69hptMZzyOBIPtY09GZYw==

esbuild-linux-arm64@0.15.18:
  version "0.15.18"
  resolved "http://192.168.55.132:4873/esbuild-linux-arm64/-/esbuild-linux-arm64-0.15.18.tgz#5372e7993ac2da8f06b2ba313710d722b7a86e5d"
  integrity sha512-54qr8kg/6ilcxd+0V3h9rjT4qmjc0CccMVWrjOEM/pEcUzt8X62HfBSeZfT2ECpM7104mk4yfQXkosY8Quptug==

esbuild-linux-arm@0.15.18:
  version "0.15.18"
  resolved "http://192.168.55.132:4873/esbuild-linux-arm/-/esbuild-linux-arm-0.15.18.tgz#e734aaf259a2e3d109d4886c9e81ec0f2fd9a9cc"
  integrity sha512-UH779gstRblS4aoS2qpMl3wjg7U0j+ygu3GjIeTonCcN79ZvpPee12Qun3vcdxX+37O5LFxz39XeW2I9bybMVA==

esbuild-linux-mips64le@0.15.18:
  version "0.15.18"
  resolved "http://192.168.55.132:4873/esbuild-linux-mips64le/-/esbuild-linux-mips64le-0.15.18.tgz#c0487c14a9371a84eb08fab0e1d7b045a77105eb"
  integrity sha512-Mk6Ppwzzz3YbMl/ZZL2P0q1tnYqh/trYZ1VfNP47C31yT0K8t9s7Z077QrDA/guU60tGNp2GOwCQnp+DYv7bxQ==

esbuild-linux-ppc64le@0.15.18:
  version "0.15.18"
  resolved "http://192.168.55.132:4873/esbuild-linux-ppc64le/-/esbuild-linux-ppc64le-0.15.18.tgz#af048ad94eed0ce32f6d5a873f7abe9115012507"
  integrity sha512-b0XkN4pL9WUulPTa/VKHx2wLCgvIAbgwABGnKMY19WhKZPT+8BxhZdqz6EgkqCLld7X5qiCY2F/bfpUUlnFZ9w==

esbuild-linux-riscv64@0.15.18:
  version "0.15.18"
  resolved "http://192.168.55.132:4873/esbuild-linux-riscv64/-/esbuild-linux-riscv64-0.15.18.tgz#423ed4e5927bd77f842bd566972178f424d455e6"
  integrity sha512-ba2COaoF5wL6VLZWn04k+ACZjZ6NYniMSQStodFKH/Pu6RxzQqzsmjR1t9QC89VYJxBeyVPTaHuBMCejl3O/xg==

esbuild-linux-s390x@0.15.18:
  version "0.15.18"
  resolved "http://192.168.55.132:4873/esbuild-linux-s390x/-/esbuild-linux-s390x-0.15.18.tgz#21d21eaa962a183bfb76312e5a01cc5ae48ce8eb"
  integrity sha512-VbpGuXEl5FCs1wDVp93O8UIzl3ZrglgnSQ+Hu79g7hZu6te6/YHgVJxCM2SqfIila0J3k0csfnf8VD2W7u2kzQ==

esbuild-netbsd-64@0.15.18:
  version "0.15.18"
  resolved "http://192.168.55.132:4873/esbuild-netbsd-64/-/esbuild-netbsd-64-0.15.18.tgz#ae75682f60d08560b1fe9482bfe0173e5110b998"
  integrity sha512-98ukeCdvdX7wr1vUYQzKo4kQ0N2p27H7I11maINv73fVEXt2kyh4K4m9f35U1K43Xc2QGXlzAw0K9yoU7JUjOg==

esbuild-openbsd-64@0.15.18:
  version "0.15.18"
  resolved "http://192.168.55.132:4873/esbuild-openbsd-64/-/esbuild-openbsd-64-0.15.18.tgz#79591a90aa3b03e4863f93beec0d2bab2853d0a8"
  integrity sha512-yK5NCcH31Uae076AyQAXeJzt/vxIo9+omZRKj1pauhk3ITuADzuOx5N2fdHrAKPxN+zH3w96uFKlY7yIn490xQ==

esbuild-sunos-64@0.15.18:
  version "0.15.18"
  resolved "http://192.168.55.132:4873/esbuild-sunos-64/-/esbuild-sunos-64-0.15.18.tgz#fd528aa5da5374b7e1e93d36ef9b07c3dfed2971"
  integrity sha512-On22LLFlBeLNj/YF3FT+cXcyKPEI263nflYlAhz5crxtp3yRG1Ugfr7ITyxmCmjm4vbN/dGrb/B7w7U8yJR9yw==

esbuild-windows-32@0.15.18:
  version "0.15.18"
  resolved "http://192.168.55.132:4873/esbuild-windows-32/-/esbuild-windows-32-0.15.18.tgz#0e92b66ecdf5435a76813c4bc5ccda0696f4efc3"
  integrity sha512-o+eyLu2MjVny/nt+E0uPnBxYuJHBvho8vWsC2lV61A7wwTWC3jkN2w36jtA+yv1UgYkHRihPuQsL23hsCYGcOQ==

esbuild-windows-64@0.15.18:
  version "0.15.18"
  resolved "http://192.168.55.132:4873/esbuild-windows-64/-/esbuild-windows-64-0.15.18.tgz#0fc761d785414284fc408e7914226d33f82420d0"
  integrity sha512-qinug1iTTaIIrCorAUjR0fcBk24fjzEedFYhhispP8Oc7SFvs+XeW3YpAKiKp8dRpizl4YYAhxMjlftAMJiaUw==

esbuild-windows-arm64@0.15.18:
  version "0.15.18"
  resolved "http://192.168.55.132:4873/esbuild-windows-arm64/-/esbuild-windows-arm64-0.15.18.tgz#5b5bdc56d341d0922ee94965c89ee120a6a86eb7"
  integrity sha512-q9bsYzegpZcLziq0zgUi5KqGVtfhjxGbnksaBFYmWLxeV/S1fK4OLdq2DFYnXcLMjlZw2L0jLsk1eGoB522WXQ==

esbuild@^0.15.9:
  version "0.15.18"
  resolved "http://192.168.55.132:4873/esbuild/-/esbuild-0.15.18.tgz#ea894adaf3fbc036d32320a00d4d6e4978a2f36d"
  integrity sha512-x/R72SmW3sSFRm5zrrIjAhCeQSAWoni3CmHEqfQrZIQTM3lVCdehdwuIqaOtfC2slvpdlLa62GYoN8SxT23m6Q==
  optionalDependencies:
    "@esbuild/android-arm" "0.15.18"
    "@esbuild/linux-loong64" "0.15.18"
    esbuild-android-64 "0.15.18"
    esbuild-android-arm64 "0.15.18"
    esbuild-darwin-64 "0.15.18"
    esbuild-darwin-arm64 "0.15.18"
    esbuild-freebsd-64 "0.15.18"
    esbuild-freebsd-arm64 "0.15.18"
    esbuild-linux-32 "0.15.18"
    esbuild-linux-64 "0.15.18"
    esbuild-linux-arm "0.15.18"
    esbuild-linux-arm64 "0.15.18"
    esbuild-linux-mips64le "0.15.18"
    esbuild-linux-ppc64le "0.15.18"
    esbuild-linux-riscv64 "0.15.18"
    esbuild-linux-s390x "0.15.18"
    esbuild-netbsd-64 "0.15.18"
    esbuild-openbsd-64 "0.15.18"
    esbuild-sunos-64 "0.15.18"
    esbuild-windows-32 "0.15.18"
    esbuild-windows-64 "0.15.18"
    esbuild-windows-arm64 "0.15.18"

escape-html@^1.0.3:
  version "1.0.3"
  resolved "http://192.168.55.132:4873/escape-html/-/escape-html-1.0.3.tgz#0258eae4d3d0c0974de1c169188ef0051d1d1988"
  integrity sha1-Aljq5NPQwJdN4cFpGI7wBR0dGYg=

escape-string-regexp@^5.0.0:
  version "5.0.0"
  resolved "http://192.168.55.132:4873/escape-string-regexp/-/escape-string-regexp-5.0.0.tgz#4683126b500b61762f2dbebace1806e8be31b1c8"
  integrity sha1-RoMSa1ALYXYvLb66zhgG6L4xscg=

estree-walker@^2.0.2:
  version "2.0.2"
  resolved "http://192.168.55.132:4873/estree-walker/-/estree-walker-2.0.2.tgz#52f010178c2a4c117a7757cfe942adb7d2da4cac"
  integrity sha1-UvAQF4wqTBF6d1fP6UKtt9LaTKw=

fast-glob@^3.2.12:
  version "3.3.0"
  resolved "http://192.168.55.132:4873/fast-glob/-/fast-glob-3.3.0.tgz#7c40cb491e1e2ed5664749e87bfb516dbe8727c0"
  integrity sha512-ChDuvbOypPuNjO8yIDf36x7BlZX1smcUMTTcyoIjycexOxd6DFsKsg21qVBzEmr3G7fUKIRy2/psii+CIUt7FA==
  dependencies:
    "@nodelib/fs.stat" "^2.0.2"
    "@nodelib/fs.walk" "^1.2.3"
    glob-parent "^5.1.2"
    merge2 "^1.3.0"
    micromatch "^4.0.4"

fastq@^1.6.0:
  version "1.15.0"
  resolved "http://192.168.55.132:4873/fastq/-/fastq-1.15.0.tgz#d04d07c6a2a68fe4599fea8d2e103a937fae6b3a"
  integrity sha512-wBrocU2LCXXa+lWBt8RoIRD89Fi8OdABODa/kEnyeyjS5aZO5/GNvI5sEINADqP/h8M29UHTHUb53sUu5Ihqdw==
  dependencies:
    reusify "^1.0.4"

fill-range@^7.0.1:
  version "7.0.1"
  resolved "http://192.168.55.132:4873/fill-range/-/fill-range-7.0.1.tgz#1919a6a7c75fe38b2c7c77e5198535da9acdda40"
  integrity sha1-GRmmp8df44ssfHflGYU12prN2kA=
  dependencies:
    to-regex-range "^5.0.1"

fsevents@~2.3.2:
  version "2.3.2"
  resolved "http://192.168.55.132:4873/fsevents/-/fsevents-2.3.2.tgz#8a526f78b8fdf4623b709e0b975c52c24c02fd1a"
  integrity sha1-ilJveLj99GI7cJ4Ll1xSwkwC/Ro=

function-bind@^1.1.1:
  version "1.1.1"
  resolved "http://192.168.55.132:4873/function-bind/-/function-bind-1.1.1.tgz#a56899d3ea3c9bab874bb9773b7c5ede92f4895d"
  integrity sha1-pWiZ0+o8m6uHS7l3O3xe3pL0iV0=

glob-parent@^5.1.2, glob-parent@~5.1.2:
  version "5.1.2"
  resolved "http://192.168.55.132:4873/glob-parent/-/glob-parent-5.1.2.tgz#869832c58034fe68a4093c17dc15e8340d8401c4"
  integrity sha1-hpgyxYA0/mikCTwX3BXoNA2EAcQ=
  dependencies:
    is-glob "^4.0.1"

has@^1.0.3:
  version "1.0.3"
  resolved "http://192.168.55.132:4873/has/-/has-1.0.3.tgz#722d7cbfc1f6aa8241f16dd814e011e1f41e8796"
  integrity sha1-ci18v8H2qoJB8W3YFOAR4fQeh5Y=
  dependencies:
    function-bind "^1.1.1"

immutable@^4.0.0:
  version "4.3.1"
  resolved "http://192.168.55.132:4873/immutable/-/immutable-4.3.1.tgz#17988b356097ab0719e2f741d56f3ec6c317f9dc"
  integrity sha512-lj9cnmB/kVS0QHsJnYKD1uo3o39nrbKxszjnqS9Fr6NB7bZzW45U6WSGBPKXDL/CvDKqDNPA4r3DoDQ8GTxo2A==

is-binary-path@~2.1.0:
  version "2.1.0"
  resolved "http://192.168.55.132:4873/is-binary-path/-/is-binary-path-2.1.0.tgz#ea1f7f3b80f064236e83470f86c09c254fb45b09"
  integrity sha1-6h9/O4DwZCNug0cPhsCcJU+0Wwk=
  dependencies:
    binary-extensions "^2.0.0"

is-core-module@^2.12.0:
  version "2.12.1"
  resolved "http://192.168.55.132:4873/is-core-module/-/is-core-module-2.12.1.tgz#0c0b6885b6f80011c71541ce15c8d66cf5a4f9fd"
  integrity sha512-Q4ZuBAe2FUsKtyQJoQHlvP8OvBERxO3jEmy1I7hcRXcJBGGHFh/aJBswbXuS9sgrDH2QUO8ilkwNPHvHMd8clg==
  dependencies:
    has "^1.0.3"

is-extglob@^2.1.1:
  version "2.1.1"
  resolved "http://192.168.55.132:4873/is-extglob/-/is-extglob-2.1.1.tgz#a88c02535791f02ed37c76a1b9ea9773c833f8c2"
  integrity sha1-qIwCU1eR8C7TfHahueqXc8gz+MI=

is-glob@^4.0.1, is-glob@~4.0.1:
  version "4.0.3"
  resolved "http://192.168.55.132:4873/is-glob/-/is-glob-4.0.3.tgz#64f61e42cbbb2eec2071a9dac0b28ba1e65d5084"
  integrity sha1-ZPYeQsu7LuwgcanawLKLoeZdUIQ=
  dependencies:
    is-extglob "^2.1.1"

is-number@^7.0.0:
  version "7.0.0"
  resolved "http://192.168.55.132:4873/is-number/-/is-number-7.0.0.tgz#7535345b896734d5f80c4d06c50955527a14f12b"
  integrity sha1-dTU0W4lnNNX4DE0GxQlVUnoU8Ss=

jsonc-parser@^3.2.0:
  version "3.2.0"
  resolved "http://192.168.55.132:4873/jsonc-parser/-/jsonc-parser-3.2.0.tgz#31ff3f4c2b9793f89c67212627c51c6394f88e76"
  integrity sha512-gfFQZrcTc8CnKXp6Y4/CBT3fTc0OVuDofpre4aEeEpSBPV5X5v4+Vmx+8snU7RLPrNHPKSgLxGo9YuQzz20o+w==

local-pkg@^0.4.2, local-pkg@^0.4.3:
  version "0.4.3"
  resolved "http://192.168.55.132:4873/local-pkg/-/local-pkg-0.4.3.tgz#0ff361ab3ae7f1c19113d9bb97b98b905dbc4963"
  integrity sha512-SFppqq5p42fe2qcZQqqEOiVRXl+WCP1MdT6k7BDEW1j++sp5fIY+/fdRQitvKgB5BrBcmrs5m/L0v2FrU5MY1g==

lodash-es@^4.17.21:
  version "4.17.21"
  resolved "http://192.168.55.132:4873/lodash-es/-/lodash-es-4.17.21.tgz#43e626c46e6591b7750beb2b50117390c609e3ee"
  integrity sha1-Q+YmxG5lkbd1C+srUBFzkMYJ4+4=

lodash-unified@^1.0.2:
  version "1.0.3"
  resolved "http://192.168.55.132:4873/lodash-unified/-/lodash-unified-1.0.3.tgz#80b1eac10ed2eb02ed189f08614a29c27d07c894"
  integrity sha512-WK9qSozxXOD7ZJQlpSqOT+om2ZfcT4yO+03FuzAHD0wF6S0l0090LRPDx3vhTTLZ8cFKpBn+IOcVXK6qOcIlfQ==

lodash@^4.17.21:
  version "4.17.21"
  resolved "http://192.168.55.132:4873/lodash/-/lodash-4.17.21.tgz#679591c564c3bffaae8454cf0b3df370c3d6911c"
  integrity sha1-Z5WRxWTDv/quhFTPCz3zcMPWkRw=

lru-cache@^6.0.0:
  version "6.0.0"
  resolved "http://192.168.55.132:4873/lru-cache/-/lru-cache-6.0.0.tgz#6d6fe6570ebd96aaf90fcad1dafa3b2566db3a94"
  integrity sha1-bW/mVw69lqr5D8rR2vo7JWbbOpQ=
  dependencies:
    yallist "^4.0.0"

magic-string@^0.26.7:
  version "0.26.7"
  resolved "http://192.168.55.132:4873/magic-string/-/magic-string-0.26.7.tgz#caf7daf61b34e9982f8228c4527474dac8981d6f"
  integrity sha512-hX9XH3ziStPoPhJxLq1syWuZMxbDvGNbVchfrdCtanC7D13888bMFow61x8axrx+GfHLtVeAx2kxL7tTGRl+Ow==
  dependencies:
    sourcemap-codec "^1.4.8"

magic-string@^0.27.0:
  version "0.27.0"
  resolved "http://192.168.55.132:4873/magic-string/-/magic-string-0.27.0.tgz#e4a3413b4bab6d98d2becffd48b4a257effdbbf3"
  integrity sha512-8UnnX2PeRAPZuN12svgR9j7M1uWMovg/CEnIwIG0LFkXSJJe4PdfUGiTGl8V9bsBHFUtfVINcSyYxd7q+kx9fA==
  dependencies:
    "@jridgewell/sourcemap-codec" "^1.4.13"

magic-string@^0.30.0:
  version "0.30.1"
  resolved "http://192.168.55.132:4873/magic-string/-/magic-string-0.30.1.tgz#ce5cd4b0a81a5d032bd69aab4522299b2166284d"
  integrity sha512-mbVKXPmS0z0G4XqFDCTllmDQ6coZzn94aMlb0o/A4HEHJCKcanlDZwYJgwnkmgD3jyWhUgj9VsPrfd972yPffA==
  dependencies:
    "@jridgewell/sourcemap-codec" "^1.4.15"

memoize-one@^6.0.0:
  version "6.0.0"
  resolved "http://192.168.55.132:4873/memoize-one/-/memoize-one-6.0.0.tgz#b2591b871ed82948aee4727dc6abceeeac8c1045"
  integrity sha1-slkbhx7YKUiu5HJ9xqvO7qyMEEU=

merge2@^1.3.0:
  version "1.4.1"
  resolved "http://192.168.55.132:4873/merge2/-/merge2-1.4.1.tgz#4368892f885e907455a6fd7dc55c0c9d404990ae"
  integrity sha1-Q2iJL4hekHRVpv19xVwMnUBJkK4=

micromatch@^4.0.4:
  version "4.0.5"
  resolved "http://192.168.55.132:4873/micromatch/-/micromatch-4.0.5.tgz#bc8999a7cbbf77cdc89f132f6e467051b49090c6"
  integrity sha512-DMy+ERcEW2q8Z2Po+WNXuw3c5YaUSFjAO5GsJqfEl7UjvtIuFKO6ZrKvcItdy98dwFI2N1tg3zNIdKaQT+aNdA==
  dependencies:
    braces "^3.0.2"
    picomatch "^2.3.1"

minimatch@^5.1.1:
  version "5.1.6"
  resolved "http://192.168.55.132:4873/minimatch/-/minimatch-5.1.6.tgz#1cfcb8cf5522ea69952cd2af95ae09477f122a96"
  integrity sha512-lKwV/1brpG6mBUFHtb7NUmtABCb2WZZmm2wNiOA5hAb8VdCS4B3dtMWyvcoViccwAW/COERjXLt0zP1zXUN26g==
  dependencies:
    brace-expansion "^2.0.1"

mitt@^3.0.0:
  version "3.0.1"
  resolved "http://192.168.55.132:4873/mitt/-/mitt-3.0.1.tgz#ea36cf0cc30403601ae074c8f77b7092cdab36d1"
  integrity sha512-vKivATfr97l2/QBCYAkXYDbrIWPM2IIKEl7YPhjCvKlG3kE2gm+uBo6nEXK3M5/Ffh/FLpKExzOQ3JJoJGFKBw==

mlly@^1.1.0, mlly@^1.2.0:
  version "1.4.0"
  resolved "http://192.168.55.132:4873/mlly/-/mlly-1.4.0.tgz#830c10d63f1f97bd8785377b24dc2a15d972832b"
  integrity sha512-ua8PAThnTwpprIaU47EPeZ/bPUVp2QYBbWMphUQpVdBI3Lgqzm5KZQ45Agm3YJedHXaIHl6pBGabaLSUPPSptg==
  dependencies:
    acorn "^8.9.0"
    pathe "^1.1.1"
    pkg-types "^1.0.3"
    ufo "^1.1.2"

ms@2.1.2:
  version "2.1.2"
  resolved "http://192.168.55.132:4873/ms/-/ms-2.1.2.tgz#d09d1f357b443f493382a8eb3ccd183872ae6009"
  integrity sha1-0J0fNXtEP0kzgqjrPM0YOHKuYAk=

nanoid@^3.3.6:
  version "3.3.6"
  resolved "http://192.168.55.132:4873/nanoid/-/nanoid-3.3.6.tgz#443380c856d6e9f9824267d960b4236ad583ea4c"
  integrity sha512-BGcqMMJuToF7i1rt+2PWSNVnWIkGCU78jBG3RxO/bZlnZPK2Cmi2QaffxGO/2RvWi9sL+FAiRiXMgsyxQ1DIDA==

normalize-path@^3.0.0, normalize-path@~3.0.0:
  version "3.0.0"
  resolved "http://192.168.55.132:4873/normalize-path/-/normalize-path-3.0.0.tgz#0dcd69ff23a1c9b11fd0978316644a0388216a65"
  integrity sha1-Dc1p/yOhybEf0JeDFmRKA4ghamU=

normalize-wheel-es@^1.2.0:
  version "1.2.0"
  resolved "http://192.168.55.132:4873/normalize-wheel-es/-/normalize-wheel-es-1.2.0.tgz#0fa2593d619f7245a541652619105ab076acf09e"
  integrity sha512-Wj7+EJQ8mSuXr2iWfnujrimU35R2W4FAErEyTmJoJ7ucwTn2hOUSsRehMb5RSYkxXGTM7Y9QpvPmp++w5ftoJw==

path-parse@^1.0.7:
  version "1.0.7"
  resolved "http://192.168.55.132:4873/path-parse/-/path-parse-1.0.7.tgz#fbc114b60ca42b30d9daf5858e4bd68bbedb6735"
  integrity sha1-+8EUtgykKzDZ2vWFjkvWi77bZzU=

pathe@^1.0.0, pathe@^1.1.0, pathe@^1.1.1:
  version "1.1.1"
  resolved "http://192.168.55.132:4873/pathe/-/pathe-1.1.1.tgz#1dd31d382b974ba69809adc9a7a347e65d84829a"
  integrity sha512-d+RQGp0MAYTIaDBIMmOfMwz3E+LOZnxx1HZd5R18mmCZY0QBlK0LDZfPc8FW8Ed2DlvsuE6PRjroDY+wg4+j/Q==

picocolors@^1.0.0:
  version "1.0.0"
  resolved "http://192.168.55.132:4873/picocolors/-/picocolors-1.0.0.tgz#cb5bdc74ff3f51892236eaf79d68bc44564ab81c"
  integrity sha1-y1vcdP8/UYkiNur3nWi8RFZKuBw=

picomatch@^2.0.4, picomatch@^2.2.1, picomatch@^2.3.1:
  version "2.3.1"
  resolved "http://192.168.55.132:4873/picomatch/-/picomatch-2.3.1.tgz#3ba3833733646d9d3e4995946c1365a67fb07a42"
  integrity sha512-JU3teHTNjmE2VCGFzuY8EXzCDVwEqB2a8fsIvwaStHhAWJEeVd1o1QD80CU6+ZdEXXSLbSsuLwJjkCBWqRQUVA==

pinia@^2.0.22:
  version "2.1.4"
  resolved "http://192.168.55.132:4873/pinia/-/pinia-2.1.4.tgz#a642adfe6208e10c36d3dc16184a91064788142a"
  integrity sha512-vYlnDu+Y/FXxv1ABo1vhjC+IbqvzUdiUC3sfDRrRyY2CQSrqqaa+iiHmqtARFxJVqWQMCJfXx1PBvFs9aJVLXQ==
  dependencies:
    "@vue/devtools-api" "^6.5.0"
    vue-demi ">=0.14.5"

pkg-types@^1.0.1, pkg-types@^1.0.3:
  version "1.0.3"
  resolved "http://192.168.55.132:4873/pkg-types/-/pkg-types-1.0.3.tgz#988b42ab19254c01614d13f4f65a2cfc7880f868"
  integrity sha512-nN7pYi0AQqJnoLPC9eHFQ8AcyaixBUOwvqc5TDnIKCMEE6I0y8P7OKA7fPexsXGCGxQDl/cmrLAp26LhcwxZ4A==
  dependencies:
    jsonc-parser "^3.2.0"
    mlly "^1.2.0"
    pathe "^1.1.0"

postcss@^8.1.10, postcss@^8.4.18:
  version "8.4.26"
  resolved "http://192.168.55.132:4873/postcss/-/postcss-8.4.26.tgz#1bc62ab19f8e1e5463d98cf74af39702a00a9e94"
  integrity sha512-jrXHFF8iTloAenySjM/ob3gSj7pCu0Ji49hnjqzsgSRa50hkWCKD0HQ+gMNJkW38jBI68MpAAg7ZWwHwX8NMMw==
  dependencies:
    nanoid "^3.3.6"
    picocolors "^1.0.0"
    source-map-js "^1.0.2"

queue-microtask@^1.2.2:
  version "1.2.3"
  resolved "http://192.168.55.132:4873/queue-microtask/-/queue-microtask-1.2.3.tgz#4929228bbc724dfac43e0efb058caf7b6cfb6243"
  integrity sha1-SSkii7xyTfrEPg77BYyve2z7YkM=

readdirp@~3.6.0:
  version "3.6.0"
  resolved "http://192.168.55.132:4873/readdirp/-/readdirp-3.6.0.tgz#74a370bd857116e245b29cc97340cd431a02a6c7"
  integrity sha1-dKNwvYVxFuJFspzJc0DNQxoCpsc=
  dependencies:
    picomatch "^2.2.1"

resolve@^1.22.1:
  version "1.22.3"
  resolved "http://192.168.55.132:4873/resolve/-/resolve-1.22.3.tgz#4b4055349ffb962600972da1fdc33c46a4eb3283"
  integrity sha512-P8ur/gp/AmbEzjr729bZnLjXK5Z+4P0zhIJgBgzqRih7hL7BOukHGtSTA3ACMY467GRFz3duQsi0bDZdR7DKdw==
  dependencies:
    is-core-module "^2.12.0"
    path-parse "^1.0.7"
    supports-preserve-symlinks-flag "^1.0.0"

reusify@^1.0.4:
  version "1.0.4"
  resolved "http://192.168.55.132:4873/reusify/-/reusify-1.0.4.tgz#90da382b1e126efc02146e90845a88db12925d76"
  integrity sha1-kNo4Kx4SbvwCFG6QhFqI2xKSXXY=

rollup@^2.79.1:
  version "2.79.1"
  resolved "http://192.168.55.132:4873/rollup/-/rollup-2.79.1.tgz#bedee8faef7c9f93a2647ac0108748f497f081c7"
  integrity sha512-uKxbd0IhMZOhjAiD5oAFp7BqvkA4Dv47qpOCtaNvng4HBwdbWtdOh8f5nZNuk2rp51PMGk3bzfWu5oayNEuYnw==
  optionalDependencies:
    fsevents "~2.3.2"

run-parallel@^1.1.9:
  version "1.2.0"
  resolved "http://192.168.55.132:4873/run-parallel/-/run-parallel-1.2.0.tgz#66d1368da7bdf921eb9d95bd1a9229e7f21a43ee"
  integrity sha1-ZtE2jae9+SHrnZW9GpIp5/IaQ+4=
  dependencies:
    queue-microtask "^1.2.2"

sass@^1.54.9:
  version "1.64.0"
  resolved "http://192.168.55.132:4873/sass/-/sass-1.64.0.tgz#9ca8d0acb1a704b86b7f1197dc310f568fb34638"
  integrity sha512-m7YtAGmQta9uANIUJwXesAJMSncqH+3INc8kdVXs6eV6GUC8Qu2IYKQSN8PRLgiQfpca697G94klm2leYMxSHw==
  dependencies:
    chokidar ">=3.0.0 <4.0.0"
    immutable "^4.0.0"
    source-map-js ">=0.6.2 <2.0.0"

scule@^1.0.0:
  version "1.0.0"
  resolved "http://192.168.55.132:4873/scule/-/scule-1.0.0.tgz#895e6f4ba887e78d8b9b4111e23ae84fef82376d"
  integrity sha512-4AsO/FrViE/iDNEPaAQlb77tf0csuq27EsVpy6ett584EcRTp6pTDLoGWVxCD77y5iU5FauOvhsI4o1APwPoSQ==

semver@^7.3.7:
  version "7.5.4"
  resolved "http://192.168.55.132:4873/semver/-/semver-7.5.4.tgz#483986ec4ed38e1c6c48c34894a9182dbff68a6e"
  integrity sha512-1bCSESV6Pv+i21Hvpxp3Dx+pSD8lIPt8uVjRrxAUt/nbswYc+tK6Y2btiULjd4+fnq15PX+nqQDC7Oft7WkwcA==
  dependencies:
    lru-cache "^6.0.0"

"source-map-js@>=0.6.2 <2.0.0", source-map-js@^1.0.2:
  version "1.0.2"
  resolved "http://192.168.55.132:4873/source-map-js/-/source-map-js-1.0.2.tgz#adbc361d9c62df380125e7f161f71c826f1e490c"
  integrity sha512-R0XvVJ9WusLiqTCEiGCmICCMplcCkIwwR11mOSD9CR5u+IXYdiseeEuXCVAjS54zqwkLcPNnmU4OeJ6tUrWhDw==

sourcemap-codec@^1.4.8:
  version "1.4.8"
  resolved "http://192.168.55.132:4873/sourcemap-codec/-/sourcemap-codec-1.4.8.tgz#ea804bd94857402e6992d05a38ef1ae35a9ab4c4"
  integrity sha1-6oBL2UhXQC5pktBaOO8a41qatMQ=

strip-literal@^1.0.0:
  version "1.0.1"
  resolved "http://192.168.55.132:4873/strip-literal/-/strip-literal-1.0.1.tgz#0115a332710c849b4e46497891fb8d585e404bd2"
  integrity sha512-QZTsipNpa2Ppr6v1AmJHESqJ3Uz247MUS0OjrnnZjFAvEoWqxuyFuXn2xLgMtRnijJShAa1HL0gtJyUs7u7n3Q==
  dependencies:
    acorn "^8.8.2"

supports-preserve-symlinks-flag@^1.0.0:
  version "1.0.0"
  resolved "http://192.168.55.132:4873/supports-preserve-symlinks-flag/-/supports-preserve-symlinks-flag-1.0.0.tgz#6eda4bd344a3c94aea376d4cc31bc77311039e09"
  integrity sha512-ot0WnXS9fgdkgIcePe6RHNk1WA8+muPa6cSjeR3V8K27q9BB1rTE3R1p7Hv0z1ZyAc8s6Vvv8DIyWf681MAt0w==

to-regex-range@^5.0.1:
  version "5.0.1"
  resolved "http://192.168.55.132:4873/to-regex-range/-/to-regex-range-5.0.1.tgz#1648c44aae7c8d988a326018ed72f5b4dd0392e4"
  integrity sha1-FkjESq58jZiKMmAY7XL1tN0DkuQ=
  dependencies:
    is-number "^7.0.0"

typescript@^4.6.4:
  version "4.9.5"
  resolved "http://192.168.55.132:4873/typescript/-/typescript-4.9.5.tgz#095979f9bcc0d09da324d58d03ce8f8374cbe65a"
  integrity sha512-1FXk9E2Hm+QzZQ7z+McJiHL4NW1F2EzMu9Nq9i3zAaGqibafqYwCVU6WyWAuyQRRzOlxou8xZSyXLEN8oKj24g==

ufo@^1.1.2:
  version "1.1.2"
  resolved "http://192.168.55.132:4873/ufo/-/ufo-1.1.2.tgz#d0d9e0fa09dece0c31ffd57bd363f030a35cfe76"
  integrity sha512-TrY6DsjTQQgyS3E3dBaOXf0TpPD8u9FVrVYmKVegJuFw51n/YB9XPt+U6ydzFG5ZIN7+DIjPbNmXoBj9esYhgQ==

unimport@^1.0.1:
  version "1.3.0"
  resolved "http://192.168.55.132:4873/unimport/-/unimport-1.3.0.tgz#167ab78e60ea0e36a9a764c7b608ee95d7b2411c"
  integrity sha512-fOkrdxglsHd428yegH0wPH/6IfaSdDeMXtdRGn6en/ccyzc2aaoxiUTMrJyc6Bu+xoa18RJRPMfLUHEzjz8atw==
  dependencies:
    "@rollup/pluginutils" "^5.0.2"
    escape-string-regexp "^5.0.0"
    fast-glob "^3.2.12"
    local-pkg "^0.4.3"
    magic-string "^0.27.0"
    mlly "^1.1.0"
    pathe "^1.0.0"
    pkg-types "^1.0.1"
    scule "^1.0.0"
    strip-literal "^1.0.0"
    unplugin "^1.0.1"

unplugin-auto-import@^0.11.2:
  version "0.11.5"
  resolved "http://192.168.55.132:4873/unplugin-auto-import/-/unplugin-auto-import-0.11.5.tgz#84c27e5f230bc1fc9004c162a39b81fcf89da740"
  integrity sha512-nvbL2AQwLRR8wbHpJ6L1EBVNmjN045RSedTa4NtsGRkSQFXkI1iKHs4dTqJwcKZsnFrZOAKtLPiN1/oQTObLZw==
  dependencies:
    "@antfu/utils" "^0.7.0"
    "@rollup/pluginutils" "^5.0.2"
    local-pkg "^0.4.2"
    magic-string "^0.26.7"
    unimport "^1.0.1"
    unplugin "^1.0.0"

unplugin-vue-components@^0.22.7:
  version "0.22.12"
  resolved "http://192.168.55.132:4873/unplugin-vue-components/-/unplugin-vue-components-0.22.12.tgz#39013f77be72d32df9d6ca1599e592a484015612"
  integrity sha512-FxyzsuBvMCYPIk+8cgscGBQ345tvwVu+qY5IhE++eorkyvA4Z1TiD/HCiim+Kbqozl10i4K+z+NCa2WO2jexRA==
  dependencies:
    "@antfu/utils" "^0.7.2"
    "@rollup/pluginutils" "^5.0.2"
    chokidar "^3.5.3"
    debug "^4.3.4"
    fast-glob "^3.2.12"
    local-pkg "^0.4.2"
    magic-string "^0.27.0"
    minimatch "^5.1.1"
    resolve "^1.22.1"
    unplugin "^1.0.1"

unplugin@^1.0.0, unplugin@^1.0.1:
  version "1.4.0"
  resolved "http://192.168.55.132:4873/unplugin/-/unplugin-1.4.0.tgz#b771373aa1bc664f50a044ee8009bd3a7aa04d85"
  integrity sha512-5x4eIEL6WgbzqGtF9UV8VEC/ehKptPXDS6L2b0mv4FRMkJxRtjaJfOWDd6a8+kYbqsjklix7yWP0N3SUepjXcg==
  dependencies:
    acorn "^8.9.0"
    chokidar "^3.5.3"
    webpack-sources "^3.2.3"
    webpack-virtual-modules "^0.5.0"

vite@^3.1.0:
  version "3.2.7"
  resolved "http://192.168.55.132:4873/vite/-/vite-3.2.7.tgz#35a62826bd4d6b778ae5db8766d023bcd4e7bef3"
  integrity sha512-29pdXjk49xAP0QBr0xXqu2s5jiQIXNvE/xwd0vUizYT2Hzqe4BksNNoWllFVXJf4eLZ+UlVQmXfB4lWrc+t18g==
  dependencies:
    esbuild "^0.15.9"
    postcss "^8.4.18"
    resolve "^1.22.1"
    rollup "^2.79.1"
  optionalDependencies:
    fsevents "~2.3.2"

vue-demi@*, vue-demi@>=0.14.5:
  version "0.14.5"
  resolved "http://192.168.55.132:4873/vue-demi/-/vue-demi-0.14.5.tgz#676d0463d1a1266d5ab5cba932e043d8f5f2fbd9"
  integrity sha512-o9NUVpl/YlsGJ7t+xuqJKx8EBGf1quRhCiT6D/J0pfwmk9zUwYkC7yrF4SZCe6fETvSM3UNL2edcbYrSyc4QHA==

vue-property-decorator@^9.1.2:
  version "9.1.2"
  resolved "http://192.168.55.132:4873/vue-property-decorator/-/vue-property-decorator-9.1.2.tgz#266a2eac61ba6527e2e68a6933cfb98fddab5457"
  integrity sha1-JmourGG6ZSfi5oppM8+5j92rVFc=

vue-router@^4.1.5:
  version "4.2.4"
  resolved "http://192.168.55.132:4873/vue-router/-/vue-router-4.2.4.tgz#382467a7e2923e6a85f015d081e1508052c191b9"
  integrity sha512-9PISkmaCO02OzPVOMq2w82ilty6+xJmQrarYZDkjZBfl4RvYAlt4PKnEX21oW4KTtWfa9OuO/b3qk1Od3AEdCQ==
  dependencies:
    "@vue/devtools-api" "^6.5.0"

vue-tsc@^0.40.4:
  version "0.40.13"
  resolved "http://192.168.55.132:4873/vue-tsc/-/vue-tsc-0.40.13.tgz#0a193014f7cadb47459cf0809ce3953b74a1348c"
  integrity sha512-xzuN3g5PnKfJcNrLv4+mAjteMd5wLm5fRhW0034OfNJZY4WhB07vhngea/XeGn7wNYt16r7syonzvW/54dcNiA==
  dependencies:
    "@volar/vue-language-core" "0.40.13"
    "@volar/vue-typescript" "0.40.13"

vue@^3.3.4:
  version "3.3.4"
  resolved "http://192.168.55.132:4873/vue/-/vue-3.3.4.tgz#8ed945d3873667df1d0fcf3b2463ada028f88bd6"
  integrity sha512-VTyEYn3yvIeY1Py0WaYGZsXnz3y5UnGi62GjVEqvEGPl6nxbOrCXbVOTQWBEJUqAyTUk2uJ5JLVnYJ6ZzGbrSw==
  dependencies:
    "@vue/compiler-dom" "3.3.4"
    "@vue/compiler-sfc" "3.3.4"
    "@vue/runtime-dom" "3.3.4"
    "@vue/server-renderer" "3.3.4"
    "@vue/shared" "3.3.4"

webpack-sources@^3.2.3:
  version "3.2.3"
  resolved "http://192.168.55.132:4873/webpack-sources/-/webpack-sources-3.2.3.tgz#2d4daab8451fd4b240cc27055ff6a0c2ccea0cde"
  integrity sha512-/DyMEOrDgLKKIG0fmvtz+4dUX/3Ghozwgm6iPp8KRhvn+eQf9+Q7GWxVNMk3+uCPWfdXYC4ExGBckIXdFEfH1w==

webpack-virtual-modules@^0.5.0:
  version "0.5.0"
  resolved "http://192.168.55.132:4873/webpack-virtual-modules/-/webpack-virtual-modules-0.5.0.tgz#362f14738a56dae107937ab98ea7062e8bdd3b6c"
  integrity sha512-kyDivFZ7ZM0BVOUteVbDFhlRt7Ah/CSPwJdi8hBpkK7QLumUqdLtVfm/PX/hkcnrvr0i77fO5+TjZ94Pe+C9iw==

yallist@^4.0.0:
  version "4.0.0"
  resolved "http://192.168.55.132:4873/yallist/-/yallist-4.0.0.tgz#9bb92790d9c0effec63be73519e11a35019a3a72"
  integrity sha1-m7knkNnA7/7GO+c1GeEaNQGaOnI=
